
Microsoft Visual Studio Solution File, Format Version 12.00
# Visual Studio Version 17
VisualStudioVersion = 17.0.32112.339
MinimumVisualStudioVersion = 10.0.40219.1
Project("{E24C65DC-7377-472B-9ABA-BC803B73C61A}") = "WebAppLab", "http://localhost:60481", "{71B1AC29-1AD0-44C7-9E16-318951A92326}"
	ProjectSection(WebsiteProperties) = preProject
		UseIISExpress = "true"
		TargetFrameworkMoniker = ".NETFramework,Version%3Dv4.0"
		Debug.AspNetCompiler.VirtualPath = "/localhost_60481"
		Debug.AspNetCompiler.PhysicalPath = "..\..\..\Documents\My Web Sites\WebAppLab\"
		Debug.AspNetCompiler.TargetPath = "PrecompiledWeb\localhost_60481\"
		Debug.AspNetCompiler.Updateable = "true"
		Debug.AspNetCompiler.ForceOverwrite = "true"
		Debug.AspNetCompiler.FixedNames = "false"
		Debug.AspNetCompiler.Debug = "True"
		Release.AspNetCompiler.VirtualPath = "/localhost_60481"
		Release.AspNetCompiler.PhysicalPath = "..\..\..\Documents\My Web Sites\WebAppLab\"
		Release.AspNetCompiler.TargetPath = "PrecompiledWeb\localhost_60481\"
		Release.AspNetCompiler.Updateable = "true"
		Release.AspNetCompiler.ForceOverwrite = "true"
		Release.AspNetCompiler.FixedNames = "false"
		Release.AspNetCompiler.Debug = "False"
		SlnRelativePath = "..\..\..\Documents\My Web Sites\WebAppLab\"
	EndProjectSection
EndProject
Global
	GlobalSection(SolutionConfigurationPlatforms) = preSolution
		Debug|Any CPU = Debug|Any CPU
	EndGlobalSection
	GlobalSection(ProjectConfigurationPlatforms) = postSolution
		{71B1AC29-1AD0-44C7-9E16-318951A92326}.Debug|Any CPU.ActiveCfg = Debug|Any CPU
		{71B1AC29-1AD0-44C7-9E16-318951A92326}.Debug|Any CPU.Build.0 = Debug|Any CPU
	EndGlobalSection
	GlobalSection(SolutionProperties) = preSolution
		HideSolutionNode = FALSE
	EndGlobalSection
	GlobalSection(ExtensibilityGlobals) = postSolution
		SolutionGuid = {664930FE-8195-4AF8-AEF5-2F0F363A1BDE}
	EndGlobalSection
EndGlobal
